
Microsoft Visual Studio Solution File, Format Version 12.00
# Visual Studio Version 17
VisualStudioVersion = 17.14.36429.23
MinimumVisualStudioVersion = 10.0.40219.1
Project("{FAE04EC0-301F-11D3-BF4B-00C04F79EFBC}") = "TaskMate.Core", "TaskMate.Core\TaskMate.Core.csproj", "{CFA7DB82-9D74-4466-9D9C-5439DC597D1F}"
EndProject
Project("{FAE04EC0-301F-11D3-BF4B-00C04F79EFBC}") = "TaskMate.Infrastructure", "TaskMate.Infrastructure\TaskMate.Infrastructure.csproj", "{A12ECBB9-5156-4472-A060-53BEA35727A6}"
EndProject
Project("{FAE04EC0-301F-11D3-BF4B-00C04F79EFBC}") = "TaskMate.Console", "TaskMate.Console\TaskMate.Console.csproj", "{44A18394-7140-453F-B0BD-C3AA8420D2BD}"
EndProject
Global
	GlobalSection(SolutionConfigurationPlatforms) = preSolution
		Debug|Any CPU = Debug|Any CPU
		Release|Any CPU = Release|Any CPU
	EndGlobalSection
	GlobalSection(ProjectConfigurationPlatforms) = postSolution
		{CFA7DB82-9D74-4466-9D9C-5439DC597D1F}.Debug|Any CPU.ActiveCfg = Debug|Any CPU
		{CFA7DB82-9D74-4466-9D9C-5439DC597D1F}.Debug|Any CPU.Build.0 = Debug|Any CPU
		{CFA7DB82-9D74-4466-9D9C-5439DC597D1F}.Release|Any CPU.ActiveCfg = Release|Any CPU
		{CFA7DB82-9D74-4466-9D9C-5439DC597D1F}.Release|Any CPU.Build.0 = Release|Any CPU
		{A12ECBB9-5156-4472-A060-53BEA35727A6}.Debug|Any CPU.ActiveCfg = Debug|Any CPU
		{A12ECBB9-5156-4472-A060-53BEA35727A6}.Debug|Any CPU.Build.0 = Debug|Any CPU
		{A12ECBB9-5156-4472-A060-53BEA35727A6}.Release|Any CPU.ActiveCfg = Release|Any CPU
		{A12ECBB9-5156-4472-A060-53BEA35727A6}.Release|Any CPU.Build.0 = Release|Any CPU
		{44A18394-7140-453F-B0BD-C3AA8420D2BD}.Debug|Any CPU.ActiveCfg = Debug|Any CPU
		{44A18394-7140-453F-B0BD-C3AA8420D2BD}.Debug|Any CPU.Build.0 = Debug|Any CPU
		{44A18394-7140-453F-B0BD-C3AA8420D2BD}.Release|Any CPU.ActiveCfg = Release|Any CPU
		{44A18394-7140-453F-B0BD-C3AA8420D2BD}.Release|Any CPU.Build.0 = Release|Any CPU
	EndGlobalSection
	GlobalSection(SolutionProperties) = preSolution
		HideSolutionNode = FALSE
	EndGlobalSection
	GlobalSection(ExtensibilityGlobals) = postSolution
		SolutionGuid = {8E780580-53D1-49F2-9EDB-9635A780CEFF}
	EndGlobalSection
EndGlobal
